# Generated by pub
# See https://dart.dev/tools/pub/glossary#lockfile
packages:
  collection:
    dependency: "direct main"
    description:
      name: collection
      url: "https://pub.dartlang.org"
    source: hosted
    version: "1.16.0"
  collection_ext:
    dependency: "direct main"
    description:
      name: collection_ext
      url: "https://pub.dartlang.org"
    source: hosted
    version: "1.0.0"
  directed_graph:
    dependency: "direct main"
    description:
      name: directed_graph
      url: "https://pub.dartlang.org"
    source: hosted
    version: "0.3.7"
  exception_templates:
    dependency: transitive
    description:
      name: exception_templates
      url: "https://pub.dartlang.org"
    source: hosted
    version: "0.2.1"
  graphs:
    dependency: transitive
    description:
      name: graphs
      url: "https://pub.dartlang.org"
    source: hosted
    version: "2.2.0"
  lazy_memo:
    dependency: transitive
    description:
      name: lazy_memo
      url: "https://pub.dartlang.org"
    source: hosted
    version: "0.1.2"
  lints:
    dependency: "direct dev"
    description:
      name: lints
      url: "https://pub.dartlang.org"
    source: hosted
    version: "2.0.1"
  quote_buffer:
    dependency: transitive
    description:
      name: quote_buffer
      url: "https://pub.dartlang.org"
    source: hosted
    version: "0.2.3"
  tuple:
    dependency: transitive
    description:
      name: tuple
      url: "https://pub.dartlang.org"
    source: hosted
    version: "2.0.1"
sdks:
  dart: ">=2.17.0 <3.0.0"
